
Microsoft Visual Studio Solution File, Format Version 12.00
# Visual Studio 15
VisualStudioVersion = 15.0.27703.2018
MinimumVisualStudioVersion = 10.0.40219.1
Project("{FAE04EC0-301F-11D3-BF4B-00C04F79EFBC}") = "BingWallpaper", "BingWallpaper\BingWallpaper.csproj", "{F14BC870-E765-4A9D-9417-F00C00A1F3B8}"
EndProject
Project("{FAE04EC0-301F-11D3-BF4B-00C04F79EFBC}") = "HappyDog.BingWallpaper", "HappyDog.BingWallpaper\HappyDog.BingWallpaper.csproj", "{82EB71F5-E9C0-40A9-B4CB-BCF2950C78BC}"
EndProject
Global
	GlobalSection(SolutionConfigurationPlatforms) = preSolution
		Debug|Any CPU = Debug|Any CPU
		Debug|ARM = Debug|ARM
		Debug|x64 = Debug|x64
		Debug|x86 = Debug|x86
		Release|Any CPU = Release|Any CPU
		Release|ARM = Release|ARM
		Release|x64 = Release|x64
		Release|x86 = Release|x86
	EndGlobalSection
	GlobalSection(ProjectConfigurationPlatforms) = postSolution
		{F14BC870-E765-4A9D-9417-F00C00A1F3B8}.Debug|Any CPU.ActiveCfg = Debug|Any CPU
		{F14BC870-E765-4A9D-9417-F00C00A1F3B8}.Debug|Any CPU.Build.0 = Debug|Any CPU
		{F14BC870-E765-4A9D-9417-F00C00A1F3B8}.Debug|ARM.ActiveCfg = Debug|Any CPU
		{F14BC870-E765-4A9D-9417-F00C00A1F3B8}.Debug|ARM.Build.0 = Debug|Any CPU
		{F14BC870-E765-4A9D-9417-F00C00A1F3B8}.Debug|x64.ActiveCfg = Debug|Any CPU
		{F14BC870-E765-4A9D-9417-F00C00A1F3B8}.Debug|x64.Build.0 = Debug|Any CPU
		{F14BC870-E765-4A9D-9417-F00C00A1F3B8}.Debug|x86.ActiveCfg = Debug|Any CPU
		{F14BC870-E765-4A9D-9417-F00C00A1F3B8}.Debug|x86.Build.0 = Debug|Any CPU
		{F14BC870-E765-4A9D-9417-F00C00A1F3B8}.Release|Any CPU.ActiveCfg = Release|Any CPU
		{F14BC870-E765-4A9D-9417-F00C00A1F3B8}.Release|Any CPU.Build.0 = Release|Any CPU
		{F14BC870-E765-4A9D-9417-F00C00A1F3B8}.Release|ARM.ActiveCfg = Release|Any CPU
		{F14BC870-E765-4A9D-9417-F00C00A1F3B8}.Release|ARM.Build.0 = Release|Any CPU
		{F14BC870-E765-4A9D-9417-F00C00A1F3B8}.Release|x64.ActiveCfg = Release|Any CPU
		{F14BC870-E765-4A9D-9417-F00C00A1F3B8}.Release|x64.Build.0 = Release|Any CPU
		{F14BC870-E765-4A9D-9417-F00C00A1F3B8}.Release|x86.ActiveCfg = Release|Any CPU
		{F14BC870-E765-4A9D-9417-F00C00A1F3B8}.Release|x86.Build.0 = Release|Any CPU
		{82EB71F5-E9C0-40A9-B4CB-BCF2950C78BC}.Debug|Any CPU.ActiveCfg = Debug|x86
		{82EB71F5-E9C0-40A9-B4CB-BCF2950C78BC}.Debug|ARM.ActiveCfg = Debug|ARM
		{82EB71F5-E9C0-40A9-B4CB-BCF2950C78BC}.Debug|ARM.Build.0 = Debug|ARM
		{82EB71F5-E9C0-40A9-B4CB-BCF2950C78BC}.Debug|ARM.Deploy.0 = Debug|ARM
		{82EB71F5-E9C0-40A9-B4CB-BCF2950C78BC}.Debug|x64.ActiveCfg = Debug|x64
		{82EB71F5-E9C0-40A9-B4CB-BCF2950C78BC}.Debug|x64.Build.0 = Debug|x64
		{82EB71F5-E9C0-40A9-B4CB-BCF2950C78BC}.Debug|x64.Deploy.0 = Debug|x64
		{82EB71F5-E9C0-40A9-B4CB-BCF2950C78BC}.Debug|x86.ActiveCfg = Debug|x86
		{82EB71F5-E9C0-40A9-B4CB-BCF2950C78BC}.Debug|x86.Build.0 = Debug|x86
		{82EB71F5-E9C0-40A9-B4CB-BCF2950C78BC}.Debug|x86.Deploy.0 = Debug|x86
		{82EB71F5-E9C0-40A9-B4CB-BCF2950C78BC}.Release|Any CPU.ActiveCfg = Release|x86
		{82EB71F5-E9C0-40A9-B4CB-BCF2950C78BC}.Release|ARM.ActiveCfg = Release|ARM
		{82EB71F5-E9C0-40A9-B4CB-BCF2950C78BC}.Release|ARM.Build.0 = Release|ARM
		{82EB71F5-E9C0-40A9-B4CB-BCF2950C78BC}.Release|ARM.Deploy.0 = Release|ARM
		{82EB71F5-E9C0-40A9-B4CB-BCF2950C78BC}.Release|x64.ActiveCfg = Release|x64
		{82EB71F5-E9C0-40A9-B4CB-BCF2950C78BC}.Release|x64.Build.0 = Release|x64
		{82EB71F5-E9C0-40A9-B4CB-BCF2950C78BC}.Release|x64.Deploy.0 = Release|x64
		{82EB71F5-E9C0-40A9-B4CB-BCF2950C78BC}.Release|x86.ActiveCfg = Release|x86
		{82EB71F5-E9C0-40A9-B4CB-BCF2950C78BC}.Release|x86.Build.0 = Release|x86
		{82EB71F5-E9C0-40A9-B4CB-BCF2950C78BC}.Release|x86.Deploy.0 = Release|x86
	EndGlobalSection
	GlobalSection(SolutionProperties) = preSolution
		HideSolutionNode = FALSE
	EndGlobalSection
	GlobalSection(ExtensibilityGlobals) = postSolution
		SolutionGuid = {6B7F6208-5438-418C-9643-26154DDF157F}
	EndGlobalSection
EndGlobal
